
Microsoft Visual Studio Solution File, Format Version 12.00
# Visual Studio Version 17
VisualStudioVersion = 17.1.32421.90
MinimumVisualStudioVersion = 10.0.40219.1
Project("{FAE04EC0-301F-11D3-BF4B-00C04F79EFBC}") = "DapperCrudTutorial", "DapperCrudTutorial\DapperCrudTutorial.csproj", "{EFFE2DE1-1617-49E3-89DB-42CFD6825AB6}"
EndProject
Global
	GlobalSection(SolutionConfigurationPlatforms) = preSolution
		Debug|Any CPU = Debug|Any CPU
		Release|Any CPU = Release|Any CPU
	EndGlobalSection
	GlobalSection(ProjectConfigurationPlatforms) = postSolution
		{EFFE2DE1-1617-49E3-89DB-42CFD6825AB6}.Debug|Any CPU.ActiveCfg = Debug|Any CPU
		{EFFE2DE1-1617-49E3-89DB-42CFD6825AB6}.Debug|Any CPU.Build.0 = Debug|Any CPU
		{EFFE2DE1-1617-49E3-89DB-42CFD6825AB6}.Release|Any CPU.ActiveCfg = Release|Any CPU
		{EFFE2DE1-1617-49E3-89DB-42CFD6825AB6}.Release|Any CPU.Build.0 = Release|Any CPU
	EndGlobalSection
	GlobalSection(SolutionProperties) = preSolution
		HideSolutionNode = FALSE
	EndGlobalSection
	GlobalSection(ExtensibilityGlobals) = postSolution
		SolutionGuid = {A2725702-3A62-48E3-AD0C-AE078DBE7464}
	EndGlobalSection
EndGlobal
